
Microsoft Visual Studio Solution File, Format Version 12.00
# Visual Studio 15
VisualStudioVersion = 15.0.26730.16
MinimumVisualStudioVersion = 10.0.40219.1
Project("{FAE04EC0-301F-11D3-BF4B-00C04F79EFBC}") = "TeeChartObjectPlugin", "TeeChartObjectPlugin\TeeChartObjectPlugin.csproj", "{C36EC134-E36E-481D-9336-4EBEF09BC43A}"
EndProject
Global
	GlobalSection(SolutionConfigurationPlatforms) = preSolution
		Debug|Any CPU = Debug|Any CPU
		Release|Any CPU = Release|Any CPU
	EndGlobalSection
	GlobalSection(ProjectConfigurationPlatforms) = postSolution
		{C36EC134-E36E-481D-9336-4EBEF09BC43A}.Debug|Any CPU.ActiveCfg = Debug|Any CPU
		{C36EC134-E36E-481D-9336-4EBEF09BC43A}.Debug|Any CPU.Build.0 = Debug|Any CPU
		{C36EC134-E36E-481D-9336-4EBEF09BC43A}.Release|Any CPU.ActiveCfg = Release|Any CPU
		{C36EC134-E36E-481D-9336-4EBEF09BC43A}.Release|Any CPU.Build.0 = Release|Any CPU
	EndGlobalSection
	GlobalSection(SolutionProperties) = preSolution
		HideSolutionNode = FALSE
	EndGlobalSection
	GlobalSection(ExtensibilityGlobals) = postSolution
		SolutionGuid = {7876E585-C138-469B-BBF3-C0876ACC4A98}
	EndGlobalSection
EndGlobal
