
Microsoft Visual Studio Solution File, Format Version 12.00
# Visual Studio Version 16
VisualStudioVersion = 16.0.30717.126
MinimumVisualStudioVersion = 10.0.40219.1
Project("{FAE04EC0-301F-11D3-BF4B-00C04F79EFBC}") = "FastReportBGObjects", "FastReportBGObjects.csproj", "{D1FFCB9B-D429-482E-B32F-FEF5669BEE42}"
EndProject
Global
	GlobalSection(SolutionConfigurationPlatforms) = preSolution
		Debug|Any CPU = Debug|Any CPU
		Release|Any CPU = Release|Any CPU
	EndGlobalSection
	GlobalSection(ProjectConfigurationPlatforms) = postSolution
		{D1FFCB9B-D429-482E-B32F-FEF5669BEE42}.Debug|Any CPU.ActiveCfg = Debug|Any CPU
		{D1FFCB9B-D429-482E-B32F-FEF5669BEE42}.Debug|Any CPU.Build.0 = Debug|Any CPU
		{D1FFCB9B-D429-482E-B32F-FEF5669BEE42}.Release|Any CPU.ActiveCfg = Release|Any CPU
		{D1FFCB9B-D429-482E-B32F-FEF5669BEE42}.Release|Any CPU.Build.0 = Release|Any CPU
	EndGlobalSection
	GlobalSection(SolutionProperties) = preSolution
		HideSolutionNode = FALSE
	EndGlobalSection
	GlobalSection(ExtensibilityGlobals) = postSolution
		SolutionGuid = {936D6188-8148-4D8A-B96B-DDFA5207866F}
	EndGlobalSection
EndGlobal
